# This file is automatically @generated by Poetry 1.8.2 and should not be changed by hand.

[[package]]
name = "kafka-python-ng"
version = "2.2.2"
description = "Pure Python client for Apache Kafka"
optional = false
python-versions = ">=3.8"
files = [
    {file = "kafka-python-ng-2.2.2.tar.gz", hash = "sha256:87ad3a766e2c0bec71d9b99bdd9e9c5cda62d96cfda61a8ca16510484d6ad7d4"},
    {file = "kafka_python_ng-2.2.2-py2.py3-none-any.whl", hash = "sha256:3fab1a03133fade1b6fd5367ff726d980e59031c4aaca9bf02c516840a4f8406"},
]

[package.extras]
boto = ["botocore"]
crc32c = ["crc32c"]
lz4 = ["lz4"]
snappy = ["python-snappy"]
zstd = ["zstandard"]

[metadata]
lock-version = "2.0"
python-versions = "^3.11"
content-hash = "53d36cdd65b44222820bd6677ab390e419c1dd4188755eb263d34220eb5eeb5f"
